
Microsoft Visual Studio Solution File, Format Version 12.00
Project("{F2A71F9B-5D33-465A-A702-920D77279786}") = "FSharp", "FSharp\FSharp.fsproj", "{77FE7AB7-CBB3-4A55-814D-5E7B49E09DA5}"
EndProject
Project("{F2A71F9B-5D33-465A-A702-920D77279786}") = "NinetyNineFSharpProblems", "NinetyNineFSharpProblems\NinetyNineFSharpProblems.fsproj", "{7ECE4B6D-2C13-4CF0-ABF1-A816ACC92364}"
EndProject
Global
	GlobalSection(SolutionConfigurationPlatforms) = preSolution
		Debug|Any CPU = Debug|Any CPU
		Release|Any CPU = Release|Any CPU
	EndGlobalSection
	GlobalSection(ProjectConfigurationPlatforms) = postSolution
		{77FE7AB7-CBB3-4A55-814D-5E7B49E09DA5}.Debug|Any CPU.ActiveCfg = Debug|Any CPU
		{77FE7AB7-CBB3-4A55-814D-5E7B49E09DA5}.Debug|Any CPU.Build.0 = Debug|Any CPU
		{77FE7AB7-CBB3-4A55-814D-5E7B49E09DA5}.Release|Any CPU.ActiveCfg = Release|Any CPU
		{77FE7AB7-CBB3-4A55-814D-5E7B49E09DA5}.Release|Any CPU.Build.0 = Release|Any CPU
		{7ECE4B6D-2C13-4CF0-ABF1-A816ACC92364}.Debug|Any CPU.ActiveCfg = Debug|Any CPU
		{7ECE4B6D-2C13-4CF0-ABF1-A816ACC92364}.Debug|Any CPU.Build.0 = Debug|Any CPU
		{7ECE4B6D-2C13-4CF0-ABF1-A816ACC92364}.Release|Any CPU.ActiveCfg = Release|Any CPU
		{7ECE4B6D-2C13-4CF0-ABF1-A816ACC92364}.Release|Any CPU.Build.0 = Release|Any CPU
	EndGlobalSection
EndGlobal
